
Microsoft Visual Studio Solution File, Format Version 12.00
# Visual Studio 15
Project("{FAE04EC0-301F-11D3-BF4B-00C04F79EFBC}") = "Assembly-CSharp", "Assembly-CSharp.csproj", "{8CAF1AB7-0249-1D93-AE95-4ACB8A54FFA1}"
EndProject
Global
	GlobalSection(SolutionConfigurationPlatforms) = preSolution
		Debug|Any CPU = Debug|Any CPU
		Release|Any CPU = Release|Any CPU
	EndGlobalSection
	GlobalSection(ProjectConfigurationPlatforms) = postSolution
		{8CAF1AB7-0249-1D93-AE95-4ACB8A54FFA1}.Debug|Any CPU.ActiveCfg = Debug|Any CPU
		{8CAF1AB7-0249-1D93-AE95-4ACB8A54FFA1}.Debug|Any CPU.Build.0 = Debug|Any CPU
		{8CAF1AB7-0249-1D93-AE95-4ACB8A54FFA1}.Release|Any CPU.ActiveCfg = Release|Any CPU
		{8CAF1AB7-0249-1D93-AE95-4ACB8A54FFA1}.Release|Any CPU.Build.0 = Release|Any CPU
	EndGlobalSection
	GlobalSection(SolutionProperties) = preSolution
		HideSolutionNode = FALSE
	EndGlobalSection
EndGlobal
